{
  "requires": true,
  "lockfileVersion": 1,
  "dependencies": {
    "vue": {
      "version": "2.6.14",
      "resolved": "https://registry.npmjs.org/vue/-/vue-2.6.14.tgz",
      "integrity": "sha512-x2284lgYvjOMj3Za7kqzRcUSxBboHqtgRE2zlos1qWaOye5yUmHn42LB1250NJBLRwEcdrB0JRwyPTEPhfQjiQ=="
    },
    "vue-browser-geolocation": {
      "version": "1.8.0",
      "resolved": "https://registry.npmjs.org/vue-browser-geolocation/-/vue-browser-geolocation-1.8.0.tgz",
      "integrity": "sha512-fI9fqQg1v5HP5LUR3juWIvWRIlyrqYrGDmXB8aux+mLnOV4V9c423InmTFK3UyRS0yHoBUGNIWO0GVufeczfNw==",
      "requires": {
        "vue": "^2.0.1"
      }
    }
  }
}
